
Microsoft Visual Studio Solution File, Format Version 12.00
# Visual Studio Version 16
VisualStudioVersion = 16.0.29826.224
MinimumVisualStudioVersion = 10.0.40219.1
Project("{9A19103F-16F7-4668-BE54-9A1E7A4F7556}") = "StorageTimeoutNet", "StorageTimeoutNet\StorageTimeoutNet.csproj", "{C1036595-D4CE-4404-BDC0-2249DB6B8309}"
EndProject
Project("{9A19103F-16F7-4668-BE54-9A1E7A4F7556}") = "HttpClientTimeout", "HttpClientTimeout\HttpClientTimeout.csproj", "{104B1FF9-288C-4F25-A401-E49DE4A0737C}"
EndProject
Project("{FAE04EC0-301F-11D3-BF4B-00C04F79EFBC}") = "CoreTimeoutNet", "CoreTimeoutNet\CoreTimeoutNet.csproj", "{59E3CE8E-D1F5-469D-93A1-51FE52F92F1A}"
EndProject
Global
	GlobalSection(SolutionConfigurationPlatforms) = preSolution
		Debug|Any CPU = Debug|Any CPU
		Release|Any CPU = Release|Any CPU
	EndGlobalSection
	GlobalSection(ProjectConfigurationPlatforms) = postSolution
		{C1036595-D4CE-4404-BDC0-2249DB6B8309}.Debug|Any CPU.ActiveCfg = Debug|Any CPU
		{C1036595-D4CE-4404-BDC0-2249DB6B8309}.Debug|Any CPU.Build.0 = Debug|Any CPU
		{C1036595-D4CE-4404-BDC0-2249DB6B8309}.Release|Any CPU.ActiveCfg = Release|Any CPU
		{C1036595-D4CE-4404-BDC0-2249DB6B8309}.Release|Any CPU.Build.0 = Release|Any CPU
		{104B1FF9-288C-4F25-A401-E49DE4A0737C}.Debug|Any CPU.ActiveCfg = Debug|Any CPU
		{104B1FF9-288C-4F25-A401-E49DE4A0737C}.Debug|Any CPU.Build.0 = Debug|Any CPU
		{104B1FF9-288C-4F25-A401-E49DE4A0737C}.Release|Any CPU.ActiveCfg = Release|Any CPU
		{104B1FF9-288C-4F25-A401-E49DE4A0737C}.Release|Any CPU.Build.0 = Release|Any CPU
		{59E3CE8E-D1F5-469D-93A1-51FE52F92F1A}.Debug|Any CPU.ActiveCfg = Debug|Any CPU
		{59E3CE8E-D1F5-469D-93A1-51FE52F92F1A}.Debug|Any CPU.Build.0 = Debug|Any CPU
		{59E3CE8E-D1F5-469D-93A1-51FE52F92F1A}.Release|Any CPU.ActiveCfg = Release|Any CPU
		{59E3CE8E-D1F5-469D-93A1-51FE52F92F1A}.Release|Any CPU.Build.0 = Release|Any CPU
	EndGlobalSection
	GlobalSection(SolutionProperties) = preSolution
		HideSolutionNode = FALSE
	EndGlobalSection
	GlobalSection(ExtensibilityGlobals) = postSolution
		SolutionGuid = {38047AA8-366D-4CE0-ACC3-0E35B8C61392}
	EndGlobalSection
EndGlobal
